
Microsoft Visual Studio Solution File, Format Version 12.00
# Visual Studio Version 17
VisualStudioVersion = 17.7.34031.279
MinimumVisualStudioVersion = 10.0.40219.1
Project("{9A19103F-16F7-4668-BE54-9A1E7A4F7556}") = "ASCIIEngine", "ASCIIEngine.csproj", "{510FE9C6-9216-43BB-9D09-48CE9711A817}"
EndProject
Project("{9A19103F-16F7-4668-BE54-9A1E7A4F7556}") = "EngineTest", "..\EngineTest\EngineTest.csproj", "{8E284FA1-1E50-4427-860A-A59702449B02}"
EndProject
Project("{2150E333-8FDC-42A3-9474-1A3956D46DE8}") = "Solution Items", "Solution Items", "{36D5A791-75BB-472B-86C0-9E3767ACD5D3}"
	ProjectSection(SolutionItems) = preProject
		.editorconfig = .editorconfig
	EndProjectSection
EndProject
Global
	GlobalSection(SolutionConfigurationPlatforms) = preSolution
		Debug|Any CPU = Debug|Any CPU
		Release|Any CPU = Release|Any CPU
	EndGlobalSection
	GlobalSection(ProjectConfigurationPlatforms) = postSolution
		{510FE9C6-9216-43BB-9D09-48CE9711A817}.Debug|Any CPU.ActiveCfg = Debug|Any CPU
		{510FE9C6-9216-43BB-9D09-48CE9711A817}.Debug|Any CPU.Build.0 = Debug|Any CPU
		{510FE9C6-9216-43BB-9D09-48CE9711A817}.Release|Any CPU.ActiveCfg = Release|Any CPU
		{510FE9C6-9216-43BB-9D09-48CE9711A817}.Release|Any CPU.Build.0 = Release|Any CPU
		{8E284FA1-1E50-4427-860A-A59702449B02}.Debug|Any CPU.ActiveCfg = Debug|Any CPU
		{8E284FA1-1E50-4427-860A-A59702449B02}.Debug|Any CPU.Build.0 = Debug|Any CPU
		{8E284FA1-1E50-4427-860A-A59702449B02}.Release|Any CPU.ActiveCfg = Release|Any CPU
		{8E284FA1-1E50-4427-860A-A59702449B02}.Release|Any CPU.Build.0 = Release|Any CPU
	EndGlobalSection
	GlobalSection(SolutionProperties) = preSolution
		HideSolutionNode = FALSE
	EndGlobalSection
	GlobalSection(ExtensibilityGlobals) = postSolution
		SolutionGuid = {9C9949D5-6919-4841-BAC0-8A8BBA751F4B}
	EndGlobalSection
EndGlobal
